// !$*UTF8*$!
{
	archiveVersion = 1;
	classes = {
	};
	objectVersion = 77;
	objects = {

/* Begin PBXBuildFile section */
		4E6532E62F115756008832C8 /* Auth in Frameworks */ = {isa = PBXBuildFile; productRef = 4E6532E52F115756008832C8 /* Auth */; };
		4E6532E82F115756008832C8 /* Functions in Frameworks */ = {isa = PBXBuildFile; productRef = 4E6532E72F115756008832C8 /* Functions */; };
		4E6532EA2F115756008832C8 /* PostgREST in Frameworks */ = {isa = PBXBuildFile; productRef = 4E6532E92F115756008832C8 /* PostgREST */; };
		4E6532EC2F115756008832C8 /* Realtime in Frameworks */ = {isa = PBXBuildFile; productRef = 4E6532EB2F115756008832C8 /* Realtime */; };
		4E6532EE2F115756008832C8 /* Storage in Frameworks */ = {isa = PBXBuildFile; productRef = 4E6532ED2F115756008832C8 /* Storage */; };
		4E6532F02F115756008832C8 /* Supabase in Frameworks */ = {isa = PBXBuildFile; productRef = 4E6532EF2F115756008832C8 /* Supabase */; };
/* End PBXBuildFile section */

/* Begin PBXContainerItemProxy section */
		4E65329E2F1156A8008832C8 /* PBXContainerItemProxy */ = {
			isa = PBXContainerItemProxy;
			containerPortal = 4E6532882F1156A7008832C8 /* Project object */;
			proxyType = 1;
			remoteGlobalIDString = 4E65328F2F1156A7008832C8;
			remoteInfo = LibraryAppFinal;
		};
		4E6532A82F1156A8008832C8 /* PBXContainerItemProxy */ = {
			isa = PBXContainerItemProxy;
			containerPortal = 4E6532882F1156A7008832C8 /* Project object */;
			proxyType = 1;
			remoteGlobalIDString = 4E65328F2F1156A7008832C8;
			remoteInfo = LibraryAppFinal;
		};
/* End PBXContainerItemProxy section */

/* Begin PBXFileReference section */
		4E6532902F1156A7008832C8 /* LibraryAppFinal.app */ = {isa = PBXFileReference; explicitFileType = wrapper.application; includeInIndex = 0; path = LibraryAppFinal.app; sourceTree = BUILT_PRODUCTS_DIR; };
		4E65329D2F1156A8008832C8 /* LibraryAppFinalTests.xctest */ = {isa = PBXFileReference; explicitFileType = wrapper.cfbundle; includeInIndex = 0; path = LibraryAppFinalTests.xctest; sourceTree = BUILT_PRODUCTS_DIR; };
		4E6532A72F1156A8008832C8 /* LibraryAppFinalUITests.xctest */ = {isa = PBXFileReference; explicitFileType = wrapper.cfbundle; includeInIndex = 0; path = LibraryAppFinalUITests.xctest; sourceTree = BUILT_PRODUCTS_DIR; };
/* End PBXFileReference section */

/* Begin PBXFileSystemSynchronizedRootGroup section */
		4E6532922F1156A7008832C8 /* LibraryAppFinal */ = {
			isa = PBXFileSystemSynchronizedRootGroup;
			path = LibraryAppFinal;
			sourceTree = "<group>";
		};
		4E6532A02F1156A8008832C8 /* LibraryAppFinalTests */ = {
			isa = PBXFileSystemSynchronizedRootGroup;
			path = LibraryAppFinalTests;
			sourceTree = "<group>";
		};
		4E6532AA2F1156A8008832C8 /* LibraryAppFinalUITests */ = {
			isa = PBXFileSystemSynchronizedRootGroup;
			path = LibraryAppFinalUITests;
			sourceTree = "<group>";
		};
		4E6532F32F115775008832C8 /* Model */ = {
			isa = PBXFileSystemSynchronizedRootGroup;
			path = Model;
			sourceTree = "<group>";
		};
		4E6532F42F11577A008832C8 /* View */ = {
			isa = PBXFileSystemSynchronizedRootGroup;
			path = View;
			sourceTree = "<group>";
		};
/* End PBXFileSystemSynchronizedRootGroup section */

/* Begin PBXFrameworksBuildPhase section */
		4E65328D2F1156A7008832C8 /* Frameworks */ = {
			isa = PBXFrameworksBuildPhase;
			buildActionMask = 2147483647;
			files = (
				4E6532EA2F115756008832C8 /* PostgREST in Frameworks */,
				4E6532E82F115756008832C8 /* Functions in Frameworks */,
				4E6532F02F115756008832C8 /* Supabase in Frameworks */,
				4E6532E62F115756008832C8 /* Auth in Frameworks */,
				4E6532EE2F115756008832C8 /* Storage in Frameworks */,
				4E6532EC2F115756008832C8 /* Realtime in Frameworks */,
			);
			runOnlyForDeploymentPostprocessing = 0;
		};
		4E65329A2F1156A8008832C8 /* Frameworks */ = {
			isa = PBXFrameworksBuildPhase;
			buildActionMask = 2147483647;
			files = (
			);
			runOnlyForDeploymentPostprocessing = 0;
		};
		4E6532A42F1156A8008832C8 /* Frameworks */ = {
			isa = PBXFrameworksBuildPhase;
			buildActionMask = 2147483647;
			files = (
			);
			runOnlyForDeploymentPostprocessing = 0;
		};
/* End PBXFrameworksBuildPhase section */

/* Begin PBXGroup section */
		4E6532872F1156A7008832C8 = {
			isa = PBXGroup;
			children = (
				4E6532922F1156A7008832C8 /* LibraryAppFinal */,
				4E6532F42F11577A008832C8 /* View */,
				4E6532F32F115775008832C8 /* Model */,
				4E6532A02F1156A8008832C8 /* LibraryAppFinalTests */,
				4E6532AA2F1156A8008832C8 /* LibraryAppFinalUITests */,
				4E6532912F1156A7008832C8 /* Products */,
			);
			sourceTree = "<group>";
		};
		4E6532912F1156A7008832C8 /* Products */ = {
			isa = PBXGroup;
			children = (
				4E6532902F1156A7008832C8 /* LibraryAppFinal.app */,
				4E65329D2F1156A8008832C8 /* LibraryAppFinalTests.xctest */,
				4E6532A72F1156A8008832C8 /* LibraryAppFinalUITests.xctest */,
			);
			name = Products;
			sourceTree = "<group>";
		};
/* End PBXGroup section */

/* Begin PBXNativeTarget section */
		4E65328F2F1156A7008832C8 /* LibraryAppFinal */ = {
			isa = PBXNativeTarget;
			buildConfigurationList = 4E6532B12F1156A8008832C8 /* Build configuration list for PBXNativeTarget "LibraryAppFinal" */;
			buildPhases = (
				4E65328C2F1156A7008832C8 /* Sources */,
				4E65328D2F1156A7008832C8 /* Frameworks */,
				4E65328E2F1156A7008832C8 /* Resources */,
			);
			buildRules = (
			);
			dependencies = (
			);
			fileSystemSynchronizedGroups = (
				4E6532922F1156A7008832C8 /* LibraryAppFinal */,
				4E6532F32F115775008832C8 /* Model */,
				4E6532F42F11577A008832C8 /* View */,
			);
			name = LibraryAppFinal;
			packageProductDependencies = (
				4E6532E52F115756008832C8 /* Auth */,
				4E6532E72F115756008832C8 /* Functions */,
				4E6532E92F115756008832C8 /* PostgREST */,
				4E6532EB2F115756008832C8 /* Realtime */,
				4E6532ED2F115756008832C8 /* Storage */,
				4E6532EF2F115756008832C8 /* Supabase */,
			);
			productName = LibraryAppFinal;
			productReference = 4E6532902F1156A7008832C8 /* LibraryAppFinal.app */;
			productType = "com.apple.product-type.application";
		};
		4E65329C2F1156A8008832C8 /* LibraryAppFinalTests */ = {
			isa = PBXNativeTarget;
			buildConfigurationList = 4E6532B42F1156A8008832C8 /* Build configuration list for PBXNativeTarget "LibraryAppFinalTests" */;
			buildPhases = (
				4E6532992F1156A8008832C8 /* Sources */,
				4E65329A2F1156A8008832C8 /* Frameworks */,
				4E65329B2F1156A8008832C8 /* Resources */,
			);
			buildRules = (
			);
			dependencies = (
				4E65329F2F1156A8008832C8 /* PBXTargetDependency */,
			);
			fileSystemSynchronizedGroups = (
				4E6532A02F1156A8008832C8 /* LibraryAppFinalTests */,
			);
			name = LibraryAppFinalTests;
			packageProductDependencies = (
			);
			productName = LibraryAppFinalTests;
			productReference = 4E65329D2F1156A8008832C8 /* LibraryAppFinalTests.xctest */;
			productType = "com.apple.product-type.bundle.unit-test";
		};
		4E6532A62F1156A8008832C8 /* LibraryAppFinalUITests */ = {
			isa = PBXNativeTarget;
			buildConfigurationList = 4E6532B72F1156A8008832C8 /* Build configuration list for PBXNativeTarget "LibraryAppFinalUITests" */;
			buildPhases = (
				4E6532A32F1156A8008832C8 /* Sources */,
				4E6532A42F1156A8008832C8 /* Frameworks */,
				4E6532A52F1156A8008832C8 /* Resources */,
			);
			buildRules = (
			);
			dependencies = (
				4E6532A92F1156A8008832C8 /* PBXTargetDependency */,
			);
			fileSystemSynchronizedGroups = (
				4E6532AA2F1156A8008832C8 /* LibraryAppFinalUITests */,
			);
			name = LibraryAppFinalUITests;
			packageProductDependencies = (
			);
			productName = LibraryAppFinalUITests;
			productReference = 4E6532A72F1156A8008832C8 /* LibraryAppFinalUITests.xctest */;
			productType = "com.apple.product-type.bundle.ui-testing";
		};
/* End PBXNativeTarget section */

/* Begin PBXProject section */
		4E6532882F1156A7008832C8 /* Project object */ = {
			isa = PBXProject;
			attributes = {
				BuildIndependentTargetsInParallel = 1;
				LastSwiftUpdateCheck = 2620;
				LastUpgradeCheck = 2620;
				TargetAttributes = {
					4E65328F2F1156A7008832C8 = {
						CreatedOnToolsVersion = 26.2;
					};
					4E65329C2F1156A8008832C8 = {
						CreatedOnToolsVersion = 26.2;
						TestTargetID = 4E65328F2F1156A7008832C8;
					};
					4E6532A62F1156A8008832C8 = {
						CreatedOnToolsVersion = 26.2;
						TestTargetID = 4E65328F2F1156A7008832C8;
					};
				};
			};
			buildConfigurationList = 4E65328B2F1156A7008832C8 /* Build configuration list for PBXProject "LibraryAppFinal" */;
			developmentRegion = en;
			hasScannedForEncodings = 0;
			knownRegions = (
				en,
				Base,
			);
			mainGroup = 4E6532872F1156A7008832C8;
			minimizedProjectReferenceProxies = 1;
			packageReferences = (
				4E6532E42F115756008832C8 /* XCRemoteSwiftPackageReference "supabase-swift" */,
			);
			preferredProjectObjectVersion = 77;
			productRefGroup = 4E6532912F1156A7008832C8 /* Products */;
			projectDirPath = "";
			projectRoot = "";
			targets = (
				4E65328F2F1156A7008832C8 /* LibraryAppFinal */,
				4E65329C2F1156A8008832C8 /* LibraryAppFinalTests */,
				4E6532A62F1156A8008832C8 /* LibraryAppFinalUITests */,
			);
		};
/* End PBXProject section */

/* Begin PBXResourcesBuildPhase section */
		4E65328E2F1156A7008832C8 /* Resources */ = {
			isa = PBXResourcesBuildPhase;
			buildActionMask = 2147483647;
			files = (
			);
			runOnlyForDeploymentPostprocessing = 0;
		};
		4E65329B2F1156A8008832C8 /* Resources */ = {
			isa = PBXResourcesBuildPhase;
			buildActionMask = 2147483647;
			files = (
			);
			runOnlyForDeploymentPostprocessing = 0;
		};
		4E6532A52F1156A8008832C8 /* Resources */ = {
			isa = PBXResourcesBuildPhase;
			buildActionMask = 2147483647;
			files = (
			);
			runOnlyForDeploymentPostprocessing = 0;
		};
/* End PBXResourcesBuildPhase section */

/* Begin PBXSourcesBuildPhase section */
		4E65328C2F1156A7008832C8 /* Sources */ = {
			isa = PBXSourcesBuildPhase;
			buildActionMask = 2147483647;
			files = (
			);
			runOnlyForDeploymentPostprocessing = 0;
		};
		4E6532992F1156A8008832C8 /* Sources */ = {
			isa = PBXSourcesBuildPhase;
			buildActionMask = 2147483647;
			files = (
			);
			runOnlyForDeploymentPostprocessing = 0;
		};
		4E6532A32F1156A8008832C8 /* Sources */ = {
			isa = PBXSourcesBuildPhase;
			buildActionMask = 2147483647;
			files = (
			);
			runOnlyForDeploymentPostprocessing = 0;
		};
/* End PBXSourcesBuildPhase section */

/* Begin PBXTargetDependency section */
		4E65329F2F1156A8008832C8 /* PBXTargetDependency */ = {
			isa = PBXTargetDependency;
			target = 4E65328F2F1156A7008832C8 /* LibraryAppFinal */;
			targetProxy = 4E65329E2F1156A8008832C8 /* PBXContainerItemProxy */;
		};
		4E6532A92F1156A8008832C8 /* PBXTargetDependency */ = {
			isa = PBXTargetDependency;
			target = 4E65328F2F1156A7008832C8 /* LibraryAppFinal */;
			targetProxy = 4E6532A82F1156A8008832C8 /* PBXContainerItemProxy */;
		};
/* End PBXTargetDependency section */

/* Begin XCBuildConfiguration section */
		4E6532AF2F1156A8008832C8 /* Debug */ = {
			isa = XCBuildConfiguration;
			buildSettings = {
				ALWAYS_SEARCH_USER_PATHS = NO;
				ASSETCATALOG_COMPILER_GENERATE_SWIFT_ASSET_SYMBOL_EXTENSIONS = YES;
				CLANG_ANALYZER_NONNULL = YES;
				CLANG_ANALYZER_NUMBER_OBJECT_CONVERSION = YES_AGGRESSIVE;
				CLANG_CXX_LANGUAGE_STANDARD = "gnu++20";
				CLANG_ENABLE_MODULES = YES;
				CLANG_ENABLE_OBJC_ARC = YES;
				CLANG_ENABLE_OBJC_WEAK = YES;
				CLANG_WARN_BLOCK_CAPTURE_AUTORELEASING = YES;
				CLANG_WARN_BOOL_CONVERSION = YES;
				CLANG_WARN_COMMA = YES;
				CLANG_WARN_CONSTANT_CONVERSION = YES;
				CLANG_WARN_DEPRECATED_OBJC_IMPLEMENTATIONS = YES;
				CLANG_WARN_DIRECT_OBJC_ISA_USAGE = YES_ERROR;
				CLANG_WARN_DOCUMENTATION_COMMENTS = YES;
				CLANG_WARN_EMPTY_BODY = YES;
				CLANG_WARN_ENUM_CONVERSION = YES;
				CLANG_WARN_INFINITE_RECURSION = YES;
				CLANG_WARN_INT_CONVERSION = YES;
				CLANG_WARN_NON_LITERAL_NULL_CONVERSION = YES;
				CLANG_WARN_OBJC_IMPLICIT_RETAIN_SELF = YES;
				CLANG_WARN_OBJC_LITERAL_CONVERSION = YES;
				CLANG_WARN_OBJC_ROOT_CLASS = YES_ERROR;
				CLANG_WARN_QUOTED_INCLUDE_IN_FRAMEWORK_HEADER = YES;
				CLANG_WARN_RANGE_LOOP_ANALYSIS = YES;
				CLANG_WARN_STRICT_PROTOTYPES = YES;
				CLANG_WARN_SUSPICIOUS_MOVE = YES;
				CLANG_WARN_UNGUARDED_AVAILABILITY = YES_AGGRESSIVE;
				CLANG_WARN_UNREACHABLE_CODE = YES;
				CLANG_WARN__DUPLICATE_METHOD_MATCH = YES;
				COPY_PHASE_STRIP = NO;
				DEBUG_INFORMATION_FORMAT = dwarf;
				ENABLE_STRICT_OBJC_MSGSEND = YES;
				ENABLE_TESTABILITY = YES;
				ENABLE_USER_SCRIPT_SANDBOXING = YES;
				GCC_C_LANGUAGE_STANDARD = gnu17;
				GCC_DYNAMIC_NO_PIC = NO;
				GCC_NO_COMMON_BLOCKS = YES;
				GCC_OPTIMIZATION_LEVEL = 0;
				GCC_PREPROCESSOR_DEFINITIONS = (
					"DEBUG=1",
					"$(inherited)",
				);
				GCC_WARN_64_TO_32_BIT_CONVERSION = YES;
				GCC_WARN_ABOUT_RETURN_TYPE = YES_ERROR;
				GCC_WARN_UNDECLARED_SELECTOR = YES;
				GCC_WARN_UNINITIALIZED_AUTOS = YES_AGGRESSIVE;
				GCC_WARN_UNUSED_FUNCTION = YES;
				GCC_WARN_UNUSED_VARIABLE = YES;
				IPHONEOS_DEPLOYMENT_TARGET = 26.2;
				LOCALIZATION_PREFERS_STRING_CATALOGS = YES;
				MTL_ENABLE_DEBUG_INFO = INCLUDE_SOURCE;
				MTL_FAST_MATH = YES;
				ONLY_ACTIVE_ARCH = YES;
				SDKROOT = iphoneos;
				SWIFT_ACTIVE_COMPILATION_CONDITIONS = "DEBUG $(inherited)";
				SWIFT_OPTIMIZATION_LEVEL = "-Onone";
			};
			name = Debug;
		};
		4E6532B02F1156A8008832C8 /* Release */ = {
			isa = XCBuildConfiguration;
			buildSettings = {
				ALWAYS_SEARCH_USER_PATHS = NO;
				ASSETCATALOG_COMPILER_GENERATE_SWIFT_ASSET_SYMBOL_EXTENSIONS = YES;
				CLANG_ANALYZER_NONNULL = YES;
				CLANG_ANALYZER_NUMBER_OBJECT_CONVERSION = YES_AGGRESSIVE;
				CLANG_CXX_LANGUAGE_STANDARD = "gnu++20";
				CLANG_ENABLE_MODULES = YES;
				CLANG_ENABLE_OBJC_ARC = YES;
				CLANG_ENABLE_OBJC_WEAK = YES;
				CLANG_WARN_BLOCK_CAPTURE_AUTORELEASING = YES;
				CLANG_WARN_BOOL_CONVERSION = YES;
				CLANG_WARN_COMMA = YES;
				CLANG_WARN_CONSTANT_CONVERSION = YES;
				CLANG_WARN_DEPRECATED_OBJC_IMPLEMENTATIONS = YES;
				CLANG_WARN_DIRECT_OBJC_ISA_USAGE = YES_ERROR;
				CLANG_WARN_DOCUMENTATION_COMMENTS = YES;
				CLANG_WARN_EMPTY_BODY = YES;
				CLANG_WARN_ENUM_CONVERSION = YES;
				CLANG_WARN_INFINITE_RECURSION = YES;
				CLANG_WARN_INT_CONVERSION = YES;
				CLANG_WARN_NON_LITERAL_NULL_CONVERSION = YES;
				CLANG_WARN_OBJC_IMPLICIT_RETAIN_SELF = YES;
				CLANG_WARN_OBJC_LITERAL_CONVERSION = YES;
				CLANG_WARN_OBJC_ROOT_CLASS = YES_ERROR;
				CLANG_WARN_QUOTED_INCLUDE_IN_FRAMEWORK_HEADER = YES;
				CLANG_WARN_RANGE_LOOP_ANALYSIS = YES;
				CLANG_WARN_STRICT_PROTOTYPES = YES;
				CLANG_WARN_SUSPICIOUS_MOVE = YES;
				CLANG_WARN_UNGUARDED_AVAILABILITY = YES_AGGRESSIVE;
				CLANG_WARN_UNREACHABLE_CODE = YES;
				CLANG_WARN__DUPLICATE_METHOD_MATCH = YES;
				COPY_PHASE_STRIP = NO;
				DEBUG_INFORMATION_FORMAT = "dwarf-with-dsym";
				ENABLE_NS_ASSERTIONS = NO;
				ENABLE_STRICT_OBJC_MSGSEND = YES;
				ENABLE_USER_SCRIPT_SANDBOXING = YES;
				GCC_C_LANGUAGE_STANDARD = gnu17;
				GCC_NO_COMMON_BLOCKS = YES;
				GCC_WARN_64_TO_32_BIT_CONVERSION = YES;
				GCC_WARN_ABOUT_RETURN_TYPE = YES_ERROR;
				GCC_WARN_UNDECLARED_SELECTOR = YES;
				GCC_WARN_UNINITIALIZED_AUTOS = YES_AGGRESSIVE;
				GCC_WARN_UNUSED_FUNCTION = YES;
				GCC_WARN_UNUSED_VARIABLE = YES;
				IPHONEOS_DEPLOYMENT_TARGET = 26.2;
				LOCALIZATION_PREFERS_STRING_CATALOGS = YES;
				MTL_ENABLE_DEBUG_INFO = NO;
				MTL_FAST_MATH = YES;
				SDKROOT = iphoneos;
				SWIFT_COMPILATION_MODE = wholemodule;
				VALIDATE_PRODUCT = YES;
			};
			name = Release;
		};
		4E6532B22F1156A8008832C8 /* Debug */ = {
			isa = XCBuildConfiguration;
			buildSettings = {
				ASSETCATALOG_COMPILER_APPICON_NAME = AppIcon;
				ASSETCATALOG_COMPILER_GLOBAL_ACCENT_COLOR_NAME = AccentColor;
				CODE_SIGN_STYLE = Automatic;
				CURRENT_PROJECT_VERSION = 1;
				DEVELOPMENT_TEAM = 2D6DCA678S;
				ENABLE_PREVIEWS = YES;
				GENERATE_INFOPLIST_FILE = YES;
				INFOPLIST_KEY_UIApplicationSceneManifest_Generation = YES;
				INFOPLIST_KEY_UIApplicationSupportsIndirectInputEvents = YES;
				INFOPLIST_KEY_UILaunchScreen_Generation = YES;
				INFOPLIST_KEY_UISupportedInterfaceOrientations_iPad = "UIInterfaceOrientationPortrait UIInterfaceOrientationPortraitUpsideDown UIInterfaceOrientationLandscapeLeft UIInterfaceOrientationLandscapeRight";
				INFOPLIST_KEY_UISupportedInterfaceOrientations_iPhone = "UIInterfaceOrientationPortrait UIInterfaceOrientationLandscapeLeft UIInterfaceOrientationLandscapeRight";
				LD_RUNPATH_SEARCH_PATHS = (
					"$(inherited)",
					"@executable_path/Frameworks",
				);
				MARKETING_VERSION = 1.0;
				PRODUCT_BUNDLE_IDENTIFIER = ADA.LibraryAppFinal;
				PRODUCT_NAME = "$(TARGET_NAME)";
				STRING_CATALOG_GENERATE_SYMBOLS = YES;
				SWIFT_APPROACHABLE_CONCURRENCY = YES;
				SWIFT_DEFAULT_ACTOR_ISOLATION = MainActor;
				SWIFT_EMIT_LOC_STRINGS = YES;
				SWIFT_UPCOMING_FEATURE_MEMBER_IMPORT_VISIBILITY = YES;
				SWIFT_VERSION = 5.0;
				TARGETED_DEVICE_FAMILY = "1,2";
			};
			name = Debug;
		};
		4E6532B32F1156A8008832C8 /* Release */ = {
			isa = XCBuildConfiguration;
			buildSettings = {
				ASSETCATALOG_COMPILER_APPICON_NAME = AppIcon;
				ASSETCATALOG_COMPILER_GLOBAL_ACCENT_COLOR_NAME = AccentColor;
				CODE_SIGN_STYLE = Automatic;
				CURRENT_PROJECT_VERSION = 1;
				DEVELOPMENT_TEAM = 2D6DCA678S;
				ENABLE_PREVIEWS = YES;
				GENERATE_INFOPLIST_FILE = YES;
				INFOPLIST_KEY_UIApplicationSceneManifest_Generation = YES;
				INFOPLIST_KEY_UIApplicationSupportsIndirectInputEvents = YES;
				INFOPLIST_KEY_UILaunchScreen_Generation = YES;
				INFOPLIST_KEY_UISupportedInterfaceOrientations_iPad = "UIInterfaceOrientationPortrait UIInterfaceOrientationPortraitUpsideDown UIInterfaceOrientationLandscapeLeft UIInterfaceOrientationLandscapeRight";
				INFOPLIST_KEY_UISupportedInterfaceOrientations_iPhone = "UIInterfaceOrientationPortrait UIInterfaceOrientationLandscapeLeft UIInterfaceOrientationLandscapeRight";
				LD_RUNPATH_SEARCH_PATHS = (
					"$(inherited)",
					"@executable_path/Frameworks",
				);
				MARKETING_VERSION = 1.0;
				PRODUCT_BUNDLE_IDENTIFIER = ADA.LibraryAppFinal;
				PRODUCT_NAME = "$(TARGET_NAME)";
				STRING_CATALOG_GENERATE_SYMBOLS = YES;
				SWIFT_APPROACHABLE_CONCURRENCY = YES;
				SWIFT_DEFAULT_ACTOR_ISOLATION = MainActor;
				SWIFT_EMIT_LOC_STRINGS = YES;
				SWIFT_UPCOMING_FEATURE_MEMBER_IMPORT_VISIBILITY = YES;
				SWIFT_VERSION = 5.0;
				TARGETED_DEVICE_FAMILY = "1,2";
			};
			name = Release;
		};
		4E6532B52F1156A8008832C8 /* Debug */ = {
			isa = XCBuildConfiguration;
			buildSettings = {
				BUNDLE_LOADER = "$(TEST_HOST)";
				CODE_SIGN_STYLE = Automatic;
				CURRENT_PROJECT_VERSION = 1;
				GENERATE_INFOPLIST_FILE = YES;
				IPHONEOS_DEPLOYMENT_TARGET = 26.2;
				MARKETING_VERSION = 1.0;
				PRODUCT_BUNDLE_IDENTIFIER = ADA.LibraryAppFinalTests;
				PRODUCT_NAME = "$(TARGET_NAME)";
				STRING_CATALOG_GENERATE_SYMBOLS = NO;
				SWIFT_APPROACHABLE_CONCURRENCY = YES;
				SWIFT_EMIT_LOC_STRINGS = NO;
				SWIFT_UPCOMING_FEATURE_MEMBER_IMPORT_VISIBILITY = YES;
				SWIFT_VERSION = 5.0;
				TARGETED_DEVICE_FAMILY = "1,2";
				TEST_HOST = "$(BUILT_PRODUCTS_DIR)/LibraryAppFinal.app/$(BUNDLE_EXECUTABLE_FOLDER_PATH)/LibraryAppFinal";
			};
			name = Debug;
		};
		4E6532B62F1156A8008832C8 /* Release */ = {
			isa = XCBuildConfiguration;
			buildSettings = {
				BUNDLE_LOADER = "$(TEST_HOST)";
				CODE_SIGN_STYLE = Automatic;
				CURRENT_PROJECT_VERSION = 1;
				GENERATE_INFOPLIST_FILE = YES;
				IPHONEOS_DEPLOYMENT_TARGET = 26.2;
				MARKETING_VERSION = 1.0;
				PRODUCT_BUNDLE_IDENTIFIER = ADA.LibraryAppFinalTests;
				PRODUCT_NAME = "$(TARGET_NAME)";
				STRING_CATALOG_GENERATE_SYMBOLS = NO;
				SWIFT_APPROACHABLE_CONCURRENCY = YES;
				SWIFT_EMIT_LOC_STRINGS = NO;
				SWIFT_UPCOMING_FEATURE_MEMBER_IMPORT_VISIBILITY = YES;
				SWIFT_VERSION = 5.0;
				TARGETED_DEVICE_FAMILY = "1,2";
				TEST_HOST = "$(BUILT_PRODUCTS_DIR)/LibraryAppFinal.app/$(BUNDLE_EXECUTABLE_FOLDER_PATH)/LibraryAppFinal";
			};
			name = Release;
		};
		4E6532B82F1156A8008832C8 /* Debug */ = {
			isa = XCBuildConfiguration;
			buildSettings = {
				CODE_SIGN_STYLE = Automatic;
				CURRENT_PROJECT_VERSION = 1;
				GENERATE_INFOPLIST_FILE = YES;
				MARKETING_VERSION = 1.0;
				PRODUCT_BUNDLE_IDENTIFIER = ADA.LibraryAppFinalUITests;
				PRODUCT_NAME = "$(TARGET_NAME)";
				STRING_CATALOG_GENERATE_SYMBOLS = NO;
				SWIFT_APPROACHABLE_CONCURRENCY = YES;
				SWIFT_EMIT_LOC_STRINGS = NO;
				SWIFT_UPCOMING_FEATURE_MEMBER_IMPORT_VISIBILITY = YES;
				SWIFT_VERSION = 5.0;
				TARGETED_DEVICE_FAMILY = "1,2";
				TEST_TARGET_NAME = LibraryAppFinal;
			};
			name = Debug;
		};
		4E6532B92F1156A8008832C8 /* Release */ = {
			isa = XCBuildConfiguration;
			buildSettings = {
				CODE_SIGN_STYLE = Automatic;
				CURRENT_PROJECT_VERSION = 1;
				GENERATE_INFOPLIST_FILE = YES;
				MARKETING_VERSION = 1.0;
				PRODUCT_BUNDLE_IDENTIFIER = ADA.LibraryAppFinalUITests;
				PRODUCT_NAME = "$(TARGET_NAME)";
				STRING_CATALOG_GENERATE_SYMBOLS = NO;
				SWIFT_APPROACHABLE_CONCURRENCY = YES;
				SWIFT_EMIT_LOC_STRINGS = NO;
				SWIFT_UPCOMING_FEATURE_MEMBER_IMPORT_VISIBILITY = YES;
				SWIFT_VERSION = 5.0;
				TARGETED_DEVICE_FAMILY = "1,2";
				TEST_TARGET_NAME = LibraryAppFinal;
			};
			name = Release;
		};
/* End XCBuildConfiguration section */

/* Begin XCConfigurationList section */
		4E65328B2F1156A7008832C8 /* Build configuration list for PBXProject "LibraryAppFinal" */ = {
			isa = XCConfigurationList;
			buildConfigurations = (
				4E6532AF2F1156A8008832C8 /* Debug */,
				4E6532B02F1156A8008832C8 /* Release */,
			);
			defaultConfigurationIsVisible = 0;
			defaultConfigurationName = Release;
		};
		4E6532B12F1156A8008832C8 /* Build configuration list for PBXNativeTarget "LibraryAppFinal" */ = {
			isa = XCConfigurationList;
			buildConfigurations = (
				4E6532B22F1156A8008832C8 /* Debug */,
				4E6532B32F1156A8008832C8 /* Release */,
			);
			defaultConfigurationIsVisible = 0;
			defaultConfigurationName = Release;
		};
		4E6532B42F1156A8008832C8 /* Build configuration list for PBXNativeTarget "LibraryAppFinalTests" */ = {
			isa = XCConfigurationList;
			buildConfigurations = (
				4E6532B52F1156A8008832C8 /* Debug */,
				4E6532B62F1156A8008832C8 /* Release */,
			);
			defaultConfigurationIsVisible = 0;
			defaultConfigurationName = Release;
		};
		4E6532B72F1156A8008832C8 /* Build configuration list for PBXNativeTarget "LibraryAppFinalUITests" */ = {
			isa = XCConfigurationList;
			buildConfigurations = (
				4E6532B82F1156A8008832C8 /* Debug */,
				4E6532B92F1156A8008832C8 /* Release */,
			);
			defaultConfigurationIsVisible = 0;
			defaultConfigurationName = Release;
		};
/* End XCConfigurationList section */

/* Begin XCRemoteSwiftPackageReference section */
		4E6532E42F115756008832C8 /* XCRemoteSwiftPackageReference "supabase-swift" */ = {
			isa = XCRemoteSwiftPackageReference;
			repositoryURL = "https://github.com/supabase-community/supabase-swift";
			requirement = {
				kind = upToNextMajorVersion;
				minimumVersion = 2.5.1;
			};
		};
/* End XCRemoteSwiftPackageReference section */

/* Begin XCSwiftPackageProductDependency section */
		4E6532E52F115756008832C8 /* Auth */ = {
			isa = XCSwiftPackageProductDependency;
			package = 4E6532E42F115756008832C8 /* XCRemoteSwiftPackageReference "supabase-swift" */;
			productName = Auth;
		};
		4E6532E72F115756008832C8 /* Functions */ = {
			isa = XCSwiftPackageProductDependency;
			package = 4E6532E42F115756008832C8 /* XCRemoteSwiftPackageReference "supabase-swift" */;
			productName = Functions;
		};
		4E6532E92F115756008832C8 /* PostgREST */ = {
			isa = XCSwiftPackageProductDependency;
			package = 4E6532E42F115756008832C8 /* XCRemoteSwiftPackageReference "supabase-swift" */;
			productName = PostgREST;
		};
		4E6532EB2F115756008832C8 /* Realtime */ = {
			isa = XCSwiftPackageProductDependency;
			package = 4E6532E42F115756008832C8 /* XCRemoteSwiftPackageReference "supabase-swift" */;
			productName = Realtime;
		};
		4E6532ED2F115756008832C8 /* Storage */ = {
			isa = XCSwiftPackageProductDependency;
			package = 4E6532E42F115756008832C8 /* XCRemoteSwiftPackageReference "supabase-swift" */;
			productName = Storage;
		};
		4E6532EF2F115756008832C8 /* Supabase */ = {
			isa = XCSwiftPackageProductDependency;
			package = 4E6532E42F115756008832C8 /* XCRemoteSwiftPackageReference "supabase-swift" */;
			productName = Supabase;
		};
/* End XCSwiftPackageProductDependency section */
	};
	rootObject = 4E6532882F1156A7008832C8 /* Project object */;
}
